// !$*UTF8*$!
{
	archiveVersion = 1;
	classes = {
	};
	objectVersion = 50;
	objects = {

/* Begin PBXBuildFile section */
		41F123E2275E95E00001B095 /* AppDelegate.swift in Sources */ = {isa = PBXBuildFile; fileRef = 41F123E1275E95E00001B095 /* AppDelegate.swift */; };
		41F123E4275E95E00001B095 /* SceneDelegate.swift in Sources */ = {isa = PBXBuildFile; fileRef = 41F123E3275E95E00001B095 /* SceneDelegate.swift */; };
		41F123E6275E95E00001B095 /* ViewController.swift in Sources */ = {isa = PBXBuildFile; fileRef = 41F123E5275E95E00001B095 /* ViewController.swift */; };
		41F123E9275E95E00001B095 /* Main.storyboard in Resources */ = {isa = PBXBuildFile; fileRef = 41F123E7275E95E00001B095 /* Main.storyboard */; };
		41F123EB275E95E00001B095 /* Assets.xcassets in Resources */ = {isa = PBXBuildFile; fileRef = 41F123EA275E95E00001B095 /* Assets.xcassets */; };
		41F123EE275E95E00001B095 /* LaunchScreen.storyboard in Resources */ = {isa = PBXBuildFile; fileRef = 41F123EC275E95E00001B095 /* LaunchScreen.storyboard */; };
		41F123F9275E95E10001B095 /* gridcollectionTests.swift in Sources */ = {isa = PBXBuildFile; fileRef = 41F123F8275E95E10001B095 /* gridcollectionTests.swift */; };
		41F12404275E95E10001B095 /* gridcollectionUITests.swift in Sources */ = {isa = PBXBuildFile; fileRef = 41F12403275E95E10001B095 /* gridcollectionUITests.swift */; };
/* End PBXBuildFile section */

/* Begin PBXContainerItemProxy section */
		41F123F5275E95E10001B095 /* PBXContainerItemProxy */ = {
			isa = PBXContainerItemProxy;
			containerPortal = 41F123D6275E95E00001B095 /* Project object */;
			proxyType = 1;
			remoteGlobalIDString = 41F123DD275E95E00001B095;
			remoteInfo = gridcollection;
		};
		41F12400275E95E10001B095 /* PBXContainerItemProxy */ = {
			isa = PBXContainerItemProxy;
			containerPortal = 41F123D6275E95E00001B095 /* Project object */;
			proxyType = 1;
			remoteGlobalIDString = 41F123DD275E95E00001B095;
			remoteInfo = gridcollection;
		};
/* End PBXContainerItemProxy section */

/* Begin PBXFileReference section */
		41F123DE275E95E00001B095 /* gridcollection.app */ = {isa = PBXFileReference; explicitFileType = wrapper.application; includeInIndex = 0; path = gridcollection.app; sourceTree = BUILT_PRODUCTS_DIR; };
		41F123E1275E95E00001B095 /* AppDelegate.swift */ = {isa = PBXFileReference; lastKnownFileType = sourcecode.swift; path = AppDelegate.swift; sourceTree = "<group>"; };
		41F123E3275E95E00001B095 /* SceneDelegate.swift */ = {isa = PBXFileReference; lastKnownFileType = sourcecode.swift; path = SceneDelegate.swift; sourceTree = "<group>"; };
		41F123E5275E95E00001B095 /* ViewController.swift */ = {isa = PBXFileReference; lastKnownFileType = sourcecode.swift; path = ViewController.swift; sourceTree = "<group>"; };
		41F123E8275E95E00001B095 /* Base */ = {isa = PBXFileReference; lastKnownFileType = file.storyboard; name = Base; path = Base.lproj/Main.storyboard; sourceTree = "<group>"; };
		41F123EA275E95E00001B095 /* Assets.xcassets */ = {isa = PBXFileReference; lastKnownFileType = folder.assetcatalog; path = Assets.xcassets; sourceTree = "<group>"; };
		41F123ED275E95E00001B095 /* Base */ = {isa = PBXFileReference; lastKnownFileType = file.storyboard; name = Base; path = Base.lproj/LaunchScreen.storyboard; sourceTree = "<group>"; };
		41F123EF275E95E00001B095 /* Info.plist */ = {isa = PBXFileReference; lastKnownFileType = text.plist.xml; path = Info.plist; sourceTree = "<group>"; };
		41F123F4275E95E10001B095 /* gridcollectionTests.xctest */ = {isa = PBXFileReference; explicitFileType = wrapper.cfbundle; includeInIndex = 0; path = gridcollectionTests.xctest; sourceTree = BUILT_PRODUCTS_DIR; };
		41F123F8275E95E10001B095 /* gridcollectionTests.swift */ = {isa = PBXFileReference; lastKnownFileType = sourcecode.swift; path = gridcollectionTests.swift; sourceTree = "<group>"; };
		41F123FA275E95E10001B095 /* Info.plist */ = {isa = PBXFileReference; lastKnownFileType = text.plist.xml; path = Info.plist; sourceTree = "<group>"; };
		41F123FF275E95E10001B095 /* gridcollectionUITests.xctest */ = {isa = PBXFileReference; explicitFileType = wrapper.cfbundle; includeInIndex = 0; path = gridcollectionUITests.xctest; sourceTree = BUILT_PRODUCTS_DIR; };
		41F12403275E95E10001B095 /* gridcollectionUITests.swift */ = {isa = PBXFileReference; lastKnownFileType = sourcecode.swift; path = gridcollectionUITests.swift; sourceTree = "<group>"; };
		41F12405275E95E10001B095 /* Info.plist */ = {isa = PBXFileReference; lastKnownFileType = text.plist.xml; path = Info.plist; sourceTree = "<group>"; };
/* End PBXFileReference section */

/* Begin PBXFrameworksBuildPhase section */
		41F123DB275E95E00001B095 /* Frameworks */ = {
			isa = PBXFrameworksBuildPhase;
			buildActionMask = 2147483647;
			files = (
			);
			runOnlyForDeploymentPostprocessing = 0;
		};
		41F123F1275E95E10001B095 /* Frameworks */ = {
			isa = PBXFrameworksBuildPhase;
			buildActionMask = 2147483647;
			files = (
			);
			runOnlyForDeploymentPostprocessing = 0;
		};
		41F123FC275E95E10001B095 /* Frameworks */ = {
			isa = PBXFrameworksBuildPhase;
			buildActionMask = 2147483647;
			files = (
			);
			runOnlyForDeploymentPostprocessing = 0;
		};
/* End PBXFrameworksBuildPhase section */

/* Begin PBXGroup section */
		41F123D5275E95E00001B095 = {
			isa = PBXGroup;
			children = (
				41F123E0275E95E00001B095 /* gridcollection */,
				41F123F7275E95E10001B095 /* gridcollectionTests */,
				41F12402275E95E10001B095 /* gridcollectionUITests */,
				41F123DF275E95E00001B095 /* Products */,
			);
			sourceTree = "<group>";
		};
		41F123DF275E95E00001B095 /* Products */ = {
			isa = PBXGroup;
			children = (
				41F123DE275E95E00001B095 /* gridcollection.app */,
				41F123F4275E95E10001B095 /* gridcollectionTests.xctest */,
				41F123FF275E95E10001B095 /* gridcollectionUITests.xctest */,
			);
			name = Products;
			sourceTree = "<group>";
		};
		41F123E0275E95E00001B095 /* gridcollection */ = {
			isa = PBXGroup;
			children = (
				41F123E1275E95E00001B095 /* AppDelegate.swift */,
				41F123E3275E95E00001B095 /* SceneDelegate.swift */,
				41F123E5275E95E00001B095 /* ViewController.swift */,
				41F123E7275E95E00001B095 /* Main.storyboard */,
				41F123EA275E95E00001B095 /* Assets.xcassets */,
				41F123EC275E95E00001B095 /* LaunchScreen.storyboard */,
				41F123EF275E95E00001B095 /* Info.plist */,
			);
			path = gridcollection;
			sourceTree = "<group>";
		};
		41F123F7275E95E10001B095 /* gridcollectionTests */ = {
			isa = PBXGroup;
			children = (
				41F123F8275E95E10001B095 /* gridcollectionTests.swift */,
				41F123FA275E95E10001B095 /* Info.plist */,
			);
			path = gridcollectionTests;
			sourceTree = "<group>";
		};
		41F12402275E95E10001B095 /* gridcollectionUITests */ = {
			isa = PBXGroup;
			children = (
				41F12403275E95E10001B095 /* gridcollectionUITests.swift */,
				41F12405275E95E10001B095 /* Info.plist */,
			);
			path = gridcollectionUITests;
			sourceTree = "<group>";
		};
/* End PBXGroup section */

/* Begin PBXNativeTarget section */
		41F123DD275E95E00001B095 /* gridcollection */ = {
			isa = PBXNativeTarget;
			buildConfigurationList = 41F12408275E95E10001B095 /* Build configuration list for PBXNativeTarget "gridcollection" */;
			buildPhases = (
				41F123DA275E95E00001B095 /* Sources */,
				41F123DB275E95E00001B095 /* Frameworks */,
				41F123DC275E95E00001B095 /* Resources */,
			);
			buildRules = (
			);
			dependencies = (
			);
			name = gridcollection;
			productName = gridcollection;
			productReference = 41F123DE275E95E00001B095 /* gridcollection.app */;
			productType = "com.apple.product-type.application";
		};
		41F123F3275E95E10001B095 /* gridcollectionTests */ = {
			isa = PBXNativeTarget;
			buildConfigurationList = 41F1240B275E95E10001B095 /* Build configuration list for PBXNativeTarget "gridcollectionTests" */;
			buildPhases = (
				41F123F0275E95E10001B095 /* Sources */,
				41F123F1275E95E10001B095 /* Frameworks */,
				41F123F2275E95E10001B095 /* Resources */,
			);
			buildRules = (
			);
			dependencies = (
				41F123F6275E95E10001B095 /* PBXTargetDependency */,
			);
			name = gridcollectionTests;
			productName = gridcollectionTests;
			productReference = 41F123F4275E95E10001B095 /* gridcollectionTests.xctest */;
			productType = "com.apple.product-type.bundle.unit-test";
		};
		41F123FE275E95E10001B095 /* gridcollectionUITests */ = {
			isa = PBXNativeTarget;
			buildConfigurationList = 41F1240E275E95E10001B095 /* Build configuration list for PBXNativeTarget "gridcollectionUITests" */;
			buildPhases = (
				41F123FB275E95E10001B095 /* Sources */,
				41F123FC275E95E10001B095 /* Frameworks */,
				41F123FD275E95E10001B095 /* Resources */,
			);
			buildRules = (
			);
			dependencies = (
				41F12401275E95E10001B095 /* PBXTargetDependency */,
			);
			name = gridcollectionUITests;
			productName = gridcollectionUITests;
			productReference = 41F123FF275E95E10001B095 /* gridcollectionUITests.xctest */;
			productType = "com.apple.product-type.bundle.ui-testing";
		};
/* End PBXNativeTarget section */

/* Begin PBXProject section */
		41F123D6275E95E00001B095 /* Project object */ = {
			isa = PBXProject;
			attributes = {
				LastSwiftUpdateCheck = 1250;
				LastUpgradeCheck = 1250;
				TargetAttributes = {
					41F123DD275E95E00001B095 = {
						CreatedOnToolsVersion = 12.5.1;
					};
					41F123F3275E95E10001B095 = {
						CreatedOnToolsVersion = 12.5.1;
						TestTargetID = 41F123DD275E95E00001B095;
					};
					41F123FE275E95E10001B095 = {
						CreatedOnToolsVersion = 12.5.1;
						TestTargetID = 41F123DD275E95E00001B095;
					};
				};
			};
			buildConfigurationList = 41F123D9275E95E00001B095 /* Build configuration list for PBXProject "gridcollection" */;
			compatibilityVersion = "Xcode 9.3";
			developmentRegion = en;
			hasScannedForEncodings = 0;
			knownRegions = (
				en,
				Base,
			);
			mainGroup = 41F123D5275E95E00001B095;
			productRefGroup = 41F123DF275E95E00001B095 /* Products */;
			projectDirPath = "";
			projectRoot = "";
			targets = (
				41F123DD275E95E00001B095 /* gridcollection */,
				41F123F3275E95E10001B095 /* gridcollectionTests */,
				41F123FE275E95E10001B095 /* gridcollectionUITests */,
			);
		};
/* End PBXProject section */

/* Begin PBXResourcesBuildPhase section */
		41F123DC275E95E00001B095 /* Resources */ = {
			isa = PBXResourcesBuildPhase;
			buildActionMask = 2147483647;
			files = (
				41F123EE275E95E00001B095 /* LaunchScreen.storyboard in Resources */,
				41F123EB275E95E00001B095 /* Assets.xcassets in Resources */,
				41F123E9275E95E00001B095 /* Main.storyboard in Resources */,
			);
			runOnlyForDeploymentPostprocessing = 0;
		};
		41F123F2275E95E10001B095 /* Resources */ = {
			isa = PBXResourcesBuildPhase;
			buildActionMask = 2147483647;
			files = (
			);
			runOnlyForDeploymentPostprocessing = 0;
		};
		41F123FD275E95E10001B095 /* Resources */ = {
			isa = PBXResourcesBuildPhase;
			buildActionMask = 2147483647;
			files = (
			);
			runOnlyForDeploymentPostprocessing = 0;
		};
/* End PBXResourcesBuildPhase section */

/* Begin PBXSourcesBuildPhase section */
		41F123DA275E95E00001B095 /* Sources */ = {
			isa = PBXSourcesBuildPhase;
			buildActionMask = 2147483647;
			files = (
				41F123E6275E95E00001B095 /* ViewController.swift in Sources */,
				41F123E2275E95E00001B095 /* AppDelegate.swift in Sources */,
				41F123E4275E95E00001B095 /* SceneDelegate.swift in Sources */,
			);
			runOnlyForDeploymentPostprocessing = 0;
		};
		41F123F0275E95E10001B095 /* Sources */ = {
			isa = PBXSourcesBuildPhase;
			buildActionMask = 2147483647;
			files = (
				41F123F9275E95E10001B095 /* gridcollectionTests.swift in Sources */,
			);
			runOnlyForDeploymentPostprocessing = 0;
		};
		41F123FB275E95E10001B095 /* Sources */ = {
			isa = PBXSourcesBuildPhase;
			buildActionMask = 2147483647;
			files = (
				41F12404275E95E10001B095 /* gridcollectionUITests.swift in Sources */,
			);
			runOnlyForDeploymentPostprocessing = 0;
		};
/* End PBXSourcesBuildPhase section */

/* Begin PBXTargetDependency section */
		41F123F6275E95E10001B095 /* PBXTargetDependency */ = {
			isa = PBXTargetDependency;
			target = 41F123DD275E95E00001B095 /* gridcollection */;
			targetProxy = 41F123F5275E95E10001B095 /* PBXContainerItemProxy */;
		};
		41F12401275E95E10001B095 /* PBXTargetDependency */ = {
			isa = PBXTargetDependency;
			target = 41F123DD275E95E00001B095 /* gridcollection */;
			targetProxy = 41F12400275E95E10001B095 /* PBXContainerItemProxy */;
		};
/* End PBXTargetDependency section */

/* Begin PBXVariantGroup section */
		41F123E7275E95E00001B095 /* Main.storyboard */ = {
			isa = PBXVariantGroup;
			children = (
				41F123E8275E95E00001B095 /* Base */,
			);
			name = Main.storyboard;
			sourceTree = "<group>";
		};
		41F123EC275E95E00001B095 /* LaunchScreen.storyboard */ = {
			isa = PBXVariantGroup;
			children = (
				41F123ED275E95E00001B095 /* Base */,
			);
			name = LaunchScreen.storyboard;
			sourceTree = "<group>";
		};
/* End PBXVariantGroup section */

/* Begin XCBuildConfiguration section */
		41F12406275E95E10001B095 /* Debug */ = {
			isa = XCBuildConfiguration;
			buildSettings = {
				ALWAYS_SEARCH_USER_PATHS = NO;
				CLANG_ANALYZER_NONNULL = YES;
				CLANG_ANALYZER_NUMBER_OBJECT_CONVERSION = YES_AGGRESSIVE;
				CLANG_CXX_LANGUAGE_STANDARD = "gnu++14";
				CLANG_CXX_LIBRARY = "libc++";
				CLANG_ENABLE_MODULES = YES;
				CLANG_ENABLE_OBJC_ARC = YES;
				CLANG_ENABLE_OBJC_WEAK = YES;
				CLANG_WARN_BLOCK_CAPTURE_AUTORELEASING = YES;
				CLANG_WARN_BOOL_CONVERSION = YES;
				CLANG_WARN_COMMA = YES;
				CLANG_WARN_CONSTANT_CONVERSION = YES;
				CLANG_WARN_DEPRECATED_OBJC_IMPLEMENTATIONS = YES;
				CLANG_WARN_DIRECT_OBJC_ISA_USAGE = YES_ERROR;
				CLANG_WARN_DOCUMENTATION_COMMENTS = YES;
				CLANG_WARN_EMPTY_BODY = YES;
				CLANG_WARN_ENUM_CONVERSION = YES;
				CLANG_WARN_INFINITE_RECURSION = YES;
				CLANG_WARN_INT_CONVERSION = YES;
				CLANG_WARN_NON_LITERAL_NULL_CONVERSION = YES;
				CLANG_WARN_OBJC_IMPLICIT_RETAIN_SELF = YES;
				CLANG_WARN_OBJC_LITERAL_CONVERSION = YES;
				CLANG_WARN_OBJC_ROOT_CLASS = YES_ERROR;
				CLANG_WARN_QUOTED_INCLUDE_IN_FRAMEWORK_HEADER = YES;
				CLANG_WARN_RANGE_LOOP_ANALYSIS = YES;
				CLANG_WARN_STRICT_PROTOTYPES = YES;
				CLANG_WARN_SUSPICIOUS_MOVE = YES;
				CLANG_WARN_UNGUARDED_AVAILABILITY = YES_AGGRESSIVE;
				CLANG_WARN_UNREACHABLE_CODE = YES;
				CLANG_WARN__DUPLICATE_METHOD_MATCH = YES;
				COPY_PHASE_STRIP = NO;
				DEBUG_INFORMATION_FORMAT = dwarf;
				ENABLE_STRICT_OBJC_MSGSEND = YES;
				ENABLE_TESTABILITY = YES;
				GCC_C_LANGUAGE_STANDARD = gnu11;
				GCC_DYNAMIC_NO_PIC = NO;
				GCC_NO_COMMON_BLOCKS = YES;
				GCC_OPTIMIZATION_LEVEL = 0;
				GCC_PREPROCESSOR_DEFINITIONS = (
					"DEBUG=1",
					"$(inherited)",
				);
				GCC_WARN_64_TO_32_BIT_CONVERSION = YES;
				GCC_WARN_ABOUT_RETURN_TYPE = YES_ERROR;
				GCC_WARN_UNDECLARED_SELECTOR = YES;
				GCC_WARN_UNINITIALIZED_AUTOS = YES_AGGRESSIVE;
				GCC_WARN_UNUSED_FUNCTION = YES;
				GCC_WARN_UNUSED_VARIABLE = YES;
				IPHONEOS_DEPLOYMENT_TARGET = 14.5;
				MTL_ENABLE_DEBUG_INFO = INCLUDE_SOURCE;
				MTL_FAST_MATH = YES;
				ONLY_ACTIVE_ARCH = YES;
				SDKROOT = iphoneos;
				SWIFT_ACTIVE_COMPILATION_CONDITIONS = DEBUG;
				SWIFT_OPTIMIZATION_LEVEL = "-Onone";
			};
			name = Debug;
		};
		41F12407275E95E10001B095 /* Release */ = {
			isa = XCBuildConfiguration;
			buildSettings = {
				ALWAYS_SEARCH_USER_PATHS = NO;
				CLANG_ANALYZER_NONNULL = YES;
				CLANG_ANALYZER_NUMBER_OBJECT_CONVERSION = YES_AGGRESSIVE;
				CLANG_CXX_LANGUAGE_STANDARD = "gnu++14";
				CLANG_CXX_LIBRARY = "libc++";
				CLANG_ENABLE_MODULES = YES;
				CLANG_ENABLE_OBJC_ARC = YES;
				CLANG_ENABLE_OBJC_WEAK = YES;
				CLANG_WARN_BLOCK_CAPTURE_AUTORELEASING = YES;
				CLANG_WARN_BOOL_CONVERSION = YES;
				CLANG_WARN_COMMA = YES;
				CLANG_WARN_CONSTANT_CONVERSION = YES;
				CLANG_WARN_DEPRECATED_OBJC_IMPLEMENTATIONS = YES;
				CLANG_WARN_DIRECT_OBJC_ISA_USAGE = YES_ERROR;
				CLANG_WARN_DOCUMENTATION_COMMENTS = YES;
				CLANG_WARN_EMPTY_BODY = YES;
				CLANG_WARN_ENUM_CONVERSION = YES;
				CLANG_WARN_INFINITE_RECURSION = YES;
				CLANG_WARN_INT_CONVERSION = YES;
				CLANG_WARN_NON_LITERAL_NULL_CONVERSION = YES;
				CLANG_WARN_OBJC_IMPLICIT_RETAIN_SELF = YES;
				CLANG_WARN_OBJC_LITERAL_CONVERSION = YES;
				CLANG_WARN_OBJC_ROOT_CLASS = YES_ERROR;
				CLANG_WARN_QUOTED_INCLUDE_IN_FRAMEWORK_HEADER = YES;
				CLANG_WARN_RANGE_LOOP_ANALYSIS = YES;
				CLANG_WARN_STRICT_PROTOTYPES = YES;
				CLANG_WARN_SUSPICIOUS_MOVE = YES;
				CLANG_WARN_UNGUARDED_AVAILABILITY = YES_AGGRESSIVE;
				CLANG_WARN_UNREACHABLE_CODE = YES;
				CLANG_WARN__DUPLICATE_METHOD_MATCH = YES;
				COPY_PHASE_STRIP = NO;
				DEBUG_INFORMATION_FORMAT = "dwarf-with-dsym";
				ENABLE_NS_ASSERTIONS = NO;
				ENABLE_STRICT_OBJC_MSGSEND = YES;
				GCC_C_LANGUAGE_STANDARD = gnu11;
				GCC_NO_COMMON_BLOCKS = YES;
				GCC_WARN_64_TO_32_BIT_CONVERSION = YES;
				GCC_WARN_ABOUT_RETURN_TYPE = YES_ERROR;
				GCC_WARN_UNDECLARED_SELECTOR = YES;
				GCC_WARN_UNINITIALIZED_AUTOS = YES_AGGRESSIVE;
				GCC_WARN_UNUSED_FUNCTION = YES;
				GCC_WARN_UNUSED_VARIABLE = YES;
				IPHONEOS_DEPLOYMENT_TARGET = 14.5;
				MTL_ENABLE_DEBUG_INFO = NO;
				MTL_FAST_MATH = YES;
				SDKROOT = iphoneos;
				SWIFT_COMPILATION_MODE = wholemodule;
				SWIFT_OPTIMIZATION_LEVEL = "-O";
				VALIDATE_PRODUCT = YES;
			};
			name = Release;
		};
		41F12409275E95E10001B095 /* Debug */ = {
			isa = XCBuildConfiguration;
			buildSettings = {
				ASSETCATALOG_COMPILER_APPICON_NAME = AppIcon;
				ASSETCATALOG_COMPILER_GLOBAL_ACCENT_COLOR_NAME = AccentColor;
				CODE_SIGN_STYLE = Automatic;
				INFOPLIST_FILE = gridcollection/Info.plist;
				LD_RUNPATH_SEARCH_PATHS = (
					"$(inherited)",
					"@executable_path/Frameworks",
				);
				PRODUCT_BUNDLE_IDENTIFIER = com.malozyali.myfirstswiftui.gridcollection;
				PRODUCT_NAME = "$(TARGET_NAME)";
				SWIFT_VERSION = 5.0;
				TARGETED_DEVICE_FAMILY = "1,2";
			};
			name = Debug;
		};
		41F1240A275E95E10001B095 /* Release */ = {
			isa = XCBuildConfiguration;
			buildSettings = {
				ASSETCATALOG_COMPILER_APPICON_NAME = AppIcon;
				ASSETCATALOG_COMPILER_GLOBAL_ACCENT_COLOR_NAME = AccentColor;
				CODE_SIGN_STYLE = Automatic;
				INFOPLIST_FILE = gridcollection/Info.plist;
				LD_RUNPATH_SEARCH_PATHS = (
					"$(inherited)",
					"@executable_path/Frameworks",
				);
				PRODUCT_BUNDLE_IDENTIFIER = com.malozyali.myfirstswiftui.gridcollection;
				PRODUCT_NAME = "$(TARGET_NAME)";
				SWIFT_VERSION = 5.0;
				TARGETED_DEVICE_FAMILY = "1,2";
			};
			name = Release;
		};
		41F1240C275E95E10001B095 /* Debug */ = {
			isa = XCBuildConfiguration;
			buildSettings = {
				ALWAYS_EMBED_SWIFT_STANDARD_LIBRARIES = YES;
				BUNDLE_LOADER = "$(TEST_HOST)";
				CODE_SIGN_STYLE = Automatic;
				INFOPLIST_FILE = gridcollectionTests/Info.plist;
				IPHONEOS_DEPLOYMENT_TARGET = 14.5;
				LD_RUNPATH_SEARCH_PATHS = (
					"$(inherited)",
					"@executable_path/Frameworks",
					"@loader_path/Frameworks",
				);
				PRODUCT_BUNDLE_IDENTIFIER = com.malozyali.myfirstswiftui.gridcollectionTests;
				PRODUCT_NAME = "$(TARGET_NAME)";
				SWIFT_VERSION = 5.0;
				TARGETED_DEVICE_FAMILY = "1,2";
				TEST_HOST = "$(BUILT_PRODUCTS_DIR)/gridcollection.app/gridcollection";
			};
			name = Debug;
		};
		41F1240D275E95E10001B095 /* Release */ = {
			isa = XCBuildConfiguration;
			buildSettings = {
				ALWAYS_EMBED_SWIFT_STANDARD_LIBRARIES = YES;
				BUNDLE_LOADER = "$(TEST_HOST)";
				CODE_SIGN_STYLE = Automatic;
				INFOPLIST_FILE = gridcollectionTests/Info.plist;
				IPHONEOS_DEPLOYMENT_TARGET = 14.5;
				LD_RUNPATH_SEARCH_PATHS = (
					"$(inherited)",
					"@executable_path/Frameworks",
					"@loader_path/Frameworks",
				);
				PRODUCT_BUNDLE_IDENTIFIER = com.malozyali.myfirstswiftui.gridcollectionTests;
				PRODUCT_NAME = "$(TARGET_NAME)";
				SWIFT_VERSION = 5.0;
				TARGETED_DEVICE_FAMILY = "1,2";
				TEST_HOST = "$(BUILT_PRODUCTS_DIR)/gridcollection.app/gridcollection";
			};
			name = Release;
		};
		41F1240F275E95E10001B095 /* Debug */ = {
			isa = XCBuildConfiguration;
			buildSettings = {
				ALWAYS_EMBED_SWIFT_STANDARD_LIBRARIES = YES;
				CODE_SIGN_STYLE = Automatic;
				INFOPLIST_FILE = gridcollectionUITests/Info.plist;
				LD_RUNPATH_SEARCH_PATHS = (
					"$(inherited)",
					"@executable_path/Frameworks",
					"@loader_path/Frameworks",
				);
				PRODUCT_BUNDLE_IDENTIFIER = com.malozyali.myfirstswiftui.gridcollectionUITests;
				PRODUCT_NAME = "$(TARGET_NAME)";
				SWIFT_VERSION = 5.0;
				TARGETED_DEVICE_FAMILY = "1,2";
				TEST_TARGET_NAME = gridcollection;
			};
			name = Debug;
		};
		41F12410275E95E10001B095 /* Release */ = {
			isa = XCBuildConfiguration;
			buildSettings = {
				ALWAYS_EMBED_SWIFT_STANDARD_LIBRARIES = YES;
				CODE_SIGN_STYLE = Automatic;
				INFOPLIST_FILE = gridcollectionUITests/Info.plist;
				LD_RUNPATH_SEARCH_PATHS = (
					"$(inherited)",
					"@executable_path/Frameworks",
					"@loader_path/Frameworks",
				);
				PRODUCT_BUNDLE_IDENTIFIER = com.malozyali.myfirstswiftui.gridcollectionUITests;
				PRODUCT_NAME = "$(TARGET_NAME)";
				SWIFT_VERSION = 5.0;
				TARGETED_DEVICE_FAMILY = "1,2";
				TEST_TARGET_NAME = gridcollection;
			};
			name = Release;
		};
/* End XCBuildConfiguration section */

/* Begin XCConfigurationList section */
		41F123D9275E95E00001B095 /* Build configuration list for PBXProject "gridcollection" */ = {
			isa = XCConfigurationList;
			buildConfigurations = (
				41F12406275E95E10001B095 /* Debug */,
				41F12407275E95E10001B095 /* Release */,
			);
			defaultConfigurationIsVisible = 0;
			defaultConfigurationName = Release;
		};
		41F12408275E95E10001B095 /* Build configuration list for PBXNativeTarget "gridcollection" */ = {
			isa = XCConfigurationList;
			buildConfigurations = (
				41F12409275E95E10001B095 /* Debug */,
				41F1240A275E95E10001B095 /* Release */,
			);
			defaultConfigurationIsVisible = 0;
			defaultConfigurationName = Release;
		};
		41F1240B275E95E10001B095 /* Build configuration list for PBXNativeTarget "gridcollectionTests" */ = {
			isa = XCConfigurationList;
			buildConfigurations = (
				41F1240C275E95E10001B095 /* Debug */,
				41F1240D275E95E10001B095 /* Release */,
			);
			defaultConfigurationIsVisible = 0;
			defaultConfigurationName = Release;
		};
		41F1240E275E95E10001B095 /* Build configuration list for PBXNativeTarget "gridcollectionUITests" */ = {
			isa = XCConfigurationList;
			buildConfigurations = (
				41F1240F275E95E10001B095 /* Debug */,
				41F12410275E95E10001B095 /* Release */,
			);
			defaultConfigurationIsVisible = 0;
			defaultConfigurationName = Release;
		};
/* End XCConfigurationList section */
	};
	rootObject = 41F123D6275E95E00001B095 /* Project object */;
}
